
Microsoft Visual Studio Solution File, Format Version 14.00
# Visual Studio 2015
Project("{8BC9CEB8-8B4A-11D0-8D11-00A0C91BC942}") = "ArithmeticExample", "ArithmeticExample\ArithmeticExample.vcxproj", "{B3A3C168-0246-4C59-B993-CC36EBB41B6D}"
EndProject
Project("{8BC9CEB8-8B4A-11D0-8D11-00A0C91BC942}") = "BlockExample", "BlockExample\BlockExample.vcxproj", "{944E109D-2641-4E0A-A331-8E0880CD7445}"
EndProject
Project("{8BC9CEB8-8B4A-11D0-8D11-00A0C91BC942}") = "CPlusPlusVariables", "CPlusPlusVariables\CPlusPlusVariables.vcxproj", "{FC43D8D2-3E03-44AC-90DB-D4349E60DEC3}"
EndProject
Project("{8BC9CEB8-8B4A-11D0-8D11-00A0C91BC942}") = "PartsOfCPlusPlus", "PartsOfCPlusPlus\PartsOfCPlusPlus.vcxproj", "{6402D7DB-2570-47CE-A10D-6B2282EC3875}"
EndProject
Project("{8BC9CEB8-8B4A-11D0-8D11-00A0C91BC942}") = "SampleAssignment", "SampleAssignment\SampleAssignment.vcxproj", "{B264D331-BB7D-441A-B1B6-5F6BD7E05306}"
EndProject
Project("{8BC9CEB8-8B4A-11D0-8D11-00A0C91BC942}") = "TypeSizes", "TypeSizes\TypeSizes.vcxproj", "{B2BC3D70-5DB3-4F59-BD50-9BC73E5EABD2}"
EndProject
Project("{8BC9CEB8-8B4A-11D0-8D11-00A0C91BC942}") = "ConstantsDemo", "ConstantsDemo\ConstantsDemo.vcxproj", "{E460BD12-406A-46C1-914B-A437A369A8DB}"
EndProject
Global
	GlobalSection(SolutionConfigurationPlatforms) = preSolution
		Debug|Win32 = Debug|Win32
		Release|Win32 = Release|Win32
	EndGlobalSection
	GlobalSection(ProjectConfigurationPlatforms) = postSolution
		{B3A3C168-0246-4C59-B993-CC36EBB41B6D}.Debug|Win32.ActiveCfg = Debug|Win32
		{B3A3C168-0246-4C59-B993-CC36EBB41B6D}.Debug|Win32.Build.0 = Debug|Win32
		{B3A3C168-0246-4C59-B993-CC36EBB41B6D}.Release|Win32.ActiveCfg = Release|Win32
		{B3A3C168-0246-4C59-B993-CC36EBB41B6D}.Release|Win32.Build.0 = Release|Win32
		{944E109D-2641-4E0A-A331-8E0880CD7445}.Debug|Win32.ActiveCfg = Debug|Win32
		{944E109D-2641-4E0A-A331-8E0880CD7445}.Debug|Win32.Build.0 = Debug|Win32
		{944E109D-2641-4E0A-A331-8E0880CD7445}.Release|Win32.ActiveCfg = Release|Win32
		{944E109D-2641-4E0A-A331-8E0880CD7445}.Release|Win32.Build.0 = Release|Win32
		{FC43D8D2-3E03-44AC-90DB-D4349E60DEC3}.Debug|Win32.ActiveCfg = Debug|Win32
		{FC43D8D2-3E03-44AC-90DB-D4349E60DEC3}.Debug|Win32.Build.0 = Debug|Win32
		{FC43D8D2-3E03-44AC-90DB-D4349E60DEC3}.Release|Win32.ActiveCfg = Release|Win32
		{FC43D8D2-3E03-44AC-90DB-D4349E60DEC3}.Release|Win32.Build.0 = Release|Win32
		{6402D7DB-2570-47CE-A10D-6B2282EC3875}.Debug|Win32.ActiveCfg = Debug|Win32
		{6402D7DB-2570-47CE-A10D-6B2282EC3875}.Debug|Win32.Build.0 = Debug|Win32
		{6402D7DB-2570-47CE-A10D-6B2282EC3875}.Release|Win32.ActiveCfg = Release|Win32
		{6402D7DB-2570-47CE-A10D-6B2282EC3875}.Release|Win32.Build.0 = Release|Win32
		{B264D331-BB7D-441A-B1B6-5F6BD7E05306}.Debug|Win32.ActiveCfg = Debug|Win32
		{B264D331-BB7D-441A-B1B6-5F6BD7E05306}.Debug|Win32.Build.0 = Debug|Win32
		{B264D331-BB7D-441A-B1B6-5F6BD7E05306}.Release|Win32.ActiveCfg = Release|Win32
		{B264D331-BB7D-441A-B1B6-5F6BD7E05306}.Release|Win32.Build.0 = Release|Win32
		{B2BC3D70-5DB3-4F59-BD50-9BC73E5EABD2}.Debug|Win32.ActiveCfg = Debug|Win32
		{B2BC3D70-5DB3-4F59-BD50-9BC73E5EABD2}.Debug|Win32.Build.0 = Debug|Win32
		{B2BC3D70-5DB3-4F59-BD50-9BC73E5EABD2}.Release|Win32.ActiveCfg = Release|Win32
		{B2BC3D70-5DB3-4F59-BD50-9BC73E5EABD2}.Release|Win32.Build.0 = Release|Win32
		{E460BD12-406A-46C1-914B-A437A369A8DB}.Debug|Win32.ActiveCfg = Debug|Win32
		{E460BD12-406A-46C1-914B-A437A369A8DB}.Debug|Win32.Build.0 = Debug|Win32
		{E460BD12-406A-46C1-914B-A437A369A8DB}.Release|Win32.ActiveCfg = Release|Win32
		{E460BD12-406A-46C1-914B-A437A369A8DB}.Release|Win32.Build.0 = Release|Win32
	EndGlobalSection
	GlobalSection(SolutionProperties) = preSolution
		HideSolutionNode = FALSE
	EndGlobalSection
EndGlobal
